
Microsoft Visual Studio Solution File, Format Version 12.00
# Visual Studio Version 17
VisualStudioVersion = 17.4.33213.308
MinimumVisualStudioVersion = 10.0.40219.1
Project("{2150E333-8FDC-42A3-9474-1A3956D46DE8}") = "src", "src", "{B2ABBB90-15B7-4B43-835B-764026CF5BC7}"
EndProject
Project("{FAE04EC0-301F-11D3-BF4B-00C04F79EFBC}") = "ShareIT.EAV.DomainModel", "src\ShareIT.EAV.DomainModel\ShareIT.EAV.DomainModel.csproj", "{1FE6D67F-871B-43D5-88EF-A8F4671BF2BD}"
EndProject
Global
	GlobalSection(SolutionConfigurationPlatforms) = preSolution
		Debug|Any CPU = Debug|Any CPU
		Release|Any CPU = Release|Any CPU
	EndGlobalSection
	GlobalSection(ProjectConfigurationPlatforms) = postSolution
		{1FE6D67F-871B-43D5-88EF-A8F4671BF2BD}.Debug|Any CPU.ActiveCfg = Debug|Any CPU
		{1FE6D67F-871B-43D5-88EF-A8F4671BF2BD}.Debug|Any CPU.Build.0 = Debug|Any CPU
		{1FE6D67F-871B-43D5-88EF-A8F4671BF2BD}.Release|Any CPU.ActiveCfg = Release|Any CPU
		{1FE6D67F-871B-43D5-88EF-A8F4671BF2BD}.Release|Any CPU.Build.0 = Release|Any CPU
	EndGlobalSection
	GlobalSection(SolutionProperties) = preSolution
		HideSolutionNode = FALSE
	EndGlobalSection
	GlobalSection(NestedProjects) = preSolution
		{1FE6D67F-871B-43D5-88EF-A8F4671BF2BD} = {B2ABBB90-15B7-4B43-835B-764026CF5BC7}
	EndGlobalSection
	GlobalSection(ExtensibilityGlobals) = postSolution
		SolutionGuid = {484F730C-4D48-41F3-A261-9E059A0DFA71}
	EndGlobalSection
EndGlobal
